
Microsoft Visual Studio Solution File, Format Version 12.00
# Visual Studio 15
VisualStudioVersion = 15.0.27130.0
MinimumVisualStudioVersion = 10.0.40219.1
Project("{FAE04EC0-301F-11D3-BF4B-00C04F79EFBC}") = "WpfApp6", "WpfApp6\WpfApp6.csproj", "{8D650146-4A71-43CF-A69D-011D6D029D45}"
EndProject
Global
	GlobalSection(SolutionConfigurationPlatforms) = preSolution
		Debug|Any CPU = Debug|Any CPU
		Release|Any CPU = Release|Any CPU
	EndGlobalSection
	GlobalSection(ProjectConfigurationPlatforms) = postSolution
		{8D650146-4A71-43CF-A69D-011D6D029D45}.Debug|Any CPU.ActiveCfg = Debug|Any CPU
		{8D650146-4A71-43CF-A69D-011D6D029D45}.Debug|Any CPU.Build.0 = Debug|Any CPU
		{8D650146-4A71-43CF-A69D-011D6D029D45}.Release|Any CPU.ActiveCfg = Release|Any CPU
		{8D650146-4A71-43CF-A69D-011D6D029D45}.Release|Any CPU.Build.0 = Release|Any CPU
	EndGlobalSection
	GlobalSection(SolutionProperties) = preSolution
		HideSolutionNode = FALSE
	EndGlobalSection
	GlobalSection(ExtensibilityGlobals) = postSolution
		SolutionGuid = {E4F244B4-9360-4B93-A0C7-7B7514658939}
	EndGlobalSection
EndGlobal
